
Microsoft Visual Studio Solution File, Format Version 12.00
# Visual Studio 15
VisualStudioVersion = 15.0.27703.2026
MinimumVisualStudioVersion = 10.0.40219.1
Project("{FAE04EC0-301F-11D3-BF4B-00C04F79EFBC}") = "Assignment3_Yilong", "Assignment3_Yilong\Assignment3_Yilong.csproj", "{AAE076B0-5FC3-415B-9DDD-6FAB8490B6BB}"
EndProject
Global
	GlobalSection(SolutionConfigurationPlatforms) = preSolution
		Debug|Any CPU = Debug|Any CPU
		Release|Any CPU = Release|Any CPU
	EndGlobalSection
	GlobalSection(ProjectConfigurationPlatforms) = postSolution
		{AAE076B0-5FC3-415B-9DDD-6FAB8490B6BB}.Debug|Any CPU.ActiveCfg = Debug|Any CPU
		{AAE076B0-5FC3-415B-9DDD-6FAB8490B6BB}.Debug|Any CPU.Build.0 = Debug|Any CPU
		{AAE076B0-5FC3-415B-9DDD-6FAB8490B6BB}.Release|Any CPU.ActiveCfg = Release|Any CPU
		{AAE076B0-5FC3-415B-9DDD-6FAB8490B6BB}.Release|Any CPU.Build.0 = Release|Any CPU
	EndGlobalSection
	GlobalSection(SolutionProperties) = preSolution
		HideSolutionNode = FALSE
	EndGlobalSection
	GlobalSection(ExtensibilityGlobals) = postSolution
		SolutionGuid = {F9C56497-A1E4-4AC0-A5E2-0DB29AA9B099}
	EndGlobalSection
EndGlobal
